
Microsoft Visual Studio Solution File, Format Version 12.00
# Visual Studio Version 16
VisualStudioVersion = 16.0.31727.386
MinimumVisualStudioVersion = 10.0.40219.1
Project("{FAE04EC0-301F-11D3-BF4B-00C04F79EFBC}") = "Task4-2", "Task4-2\Task4-2.csproj", "{D93E63B6-94A6-4580-84FA-BE6460C4CDD6}"
EndProject
Global
	GlobalSection(SolutionConfigurationPlatforms) = preSolution
		Debug|Any CPU = Debug|Any CPU
		Release|Any CPU = Release|Any CPU
	EndGlobalSection
	GlobalSection(ProjectConfigurationPlatforms) = postSolution
		{D93E63B6-94A6-4580-84FA-BE6460C4CDD6}.Debug|Any CPU.ActiveCfg = Debug|Any CPU
		{D93E63B6-94A6-4580-84FA-BE6460C4CDD6}.Debug|Any CPU.Build.0 = Debug|Any CPU
		{D93E63B6-94A6-4580-84FA-BE6460C4CDD6}.Release|Any CPU.ActiveCfg = Release|Any CPU
		{D93E63B6-94A6-4580-84FA-BE6460C4CDD6}.Release|Any CPU.Build.0 = Release|Any CPU
	EndGlobalSection
	GlobalSection(SolutionProperties) = preSolution
		HideSolutionNode = FALSE
	EndGlobalSection
	GlobalSection(ExtensibilityGlobals) = postSolution
		SolutionGuid = {A8CB1226-D821-4929-BEF1-A59CF361E824}
	EndGlobalSection
EndGlobal
